
Microsoft Visual Studio Solution File, Format Version 12.00
# Visual Studio Version 16
VisualStudioVersion = 16.0.29806.167
MinimumVisualStudioVersion = 10.0.40219.1
Project("{FAE04EC0-301F-11D3-BF4B-00C04F79EFBC}") = "SalesWebMvc", "SalesWebMvc\SalesWebMvc.csproj", "{7E903D00-56D0-42DB-9153-32A17AD8A893}"
EndProject
Global
	GlobalSection(SolutionConfigurationPlatforms) = preSolution
		Debug|Any CPU = Debug|Any CPU
		Release|Any CPU = Release|Any CPU
	EndGlobalSection
	GlobalSection(ProjectConfigurationPlatforms) = postSolution
		{7E903D00-56D0-42DB-9153-32A17AD8A893}.Debug|Any CPU.ActiveCfg = Debug|Any CPU
		{7E903D00-56D0-42DB-9153-32A17AD8A893}.Debug|Any CPU.Build.0 = Debug|Any CPU
		{7E903D00-56D0-42DB-9153-32A17AD8A893}.Release|Any CPU.ActiveCfg = Release|Any CPU
		{7E903D00-56D0-42DB-9153-32A17AD8A893}.Release|Any CPU.Build.0 = Release|Any CPU
	EndGlobalSection
	GlobalSection(SolutionProperties) = preSolution
		HideSolutionNode = FALSE
	EndGlobalSection
	GlobalSection(ExtensibilityGlobals) = postSolution
		SolutionGuid = {8411DADD-25BF-472E-A4FF-BE8CB9FF27B3}
	EndGlobalSection
EndGlobal
